
Microsoft Visual Studio Solution File, Format Version 12.00
# Visual Studio Version 17
VisualStudioVersion = 17.0.31903.59
MinimumVisualStudioVersion = 10.0.40219.1
Project("{2150E333-8FDC-42A3-9474-1A3956D46DE8}") = "src", "src", "{8580CE42-5BD7-4A3D-A3EA-05E617500F92}"
EndProject
Project("{2150E333-8FDC-42A3-9474-1A3956D46DE8}") = "Core", "Core", "{6256E6C7-61DD-436E-AE6A-B08BF349E912}"
EndProject
Project("{FAE04EC0-301F-11D3-BF4B-00C04F79EFBC}") = "Framework", "src\Core\Framework\Framework.csproj", "{169DC15D-DC9B-4F8E-99E5-9CF4105C94DE}"
EndProject
Project("{2150E333-8FDC-42A3-9474-1A3956D46DE8}") = "Infrastructure", "Infrastructure", "{72AADC91-8657-4801-9B3F-BEB0483978CF}"
EndProject
Project("{FAE04EC0-301F-11D3-BF4B-00C04F79EFBC}") = "DevQuestions.Infrastructure.ElasticSearch", "src\Core\Infrastructure\Infrastructure.ElasticSearch\DevQuestions.Infrastructure.ElasticSearch.csproj", "{A81999BE-36A9-4080-A133-841C649F2186}"
EndProject
Project("{FAE04EC0-301F-11D3-BF4B-00C04F79EFBC}") = "DevQuestions.Infrastructure.S3", "src\Core\Infrastructure\Infrastructure.S3\DevQuestions.Infrastructure.S3.csproj", "{0C632AC3-1B77-4677-A056-B6B327D748DE}"
EndProject
Project("{FAE04EC0-301F-11D3-BF4B-00C04F79EFBC}") = "Shared", "src\Core\Shared\Shared.csproj", "{99535A94-4208-40A1-91C8-2537A1FD6696}"
EndProject
Project("{FAE04EC0-301F-11D3-BF4B-00C04F79EFBC}") = "DevQuestions.Web", "src\DevQuestions.Web\DevQuestions.Web.csproj", "{591C18E3-91F1-46BD-878E-C96B769567A9}"
EndProject
Project("{2150E333-8FDC-42A3-9474-1A3956D46DE8}") = "Questions", "Questions", "{90DFA726-319F-4479-A02D-8D046EFB74CD}"
EndProject
Project("{FAE04EC0-301F-11D3-BF4B-00C04F79EFBC}") = "Questions.Application", "src\Questions\Questions.Application\Questions.Application.csproj", "{88454DF8-DCBD-44CB-A4CD-0E7BE2916592}"
EndProject
Project("{FAE04EC0-301F-11D3-BF4B-00C04F79EFBC}") = "Questions.Contracts", "src\Questions\Questions.Contracts\Questions.Contracts.csproj", "{7C88D060-3126-4479-86FF-B3573234093A}"
EndProject
Project("{FAE04EC0-301F-11D3-BF4B-00C04F79EFBC}") = "Questions.Domain", "src\Questions\Questions.Domain\Questions.Domain.csproj", "{CEF1CE93-4284-4DE1-803E-85397C1471CF}"
EndProject
Project("{FAE04EC0-301F-11D3-BF4B-00C04F79EFBC}") = "Questions.Infrastructure.Postgres", "src\Questions\Questions.Infrastructure.Postgres\Questions.Infrastructure.Postgres.csproj", "{20DD6028-768F-4B23-BB6E-E2E853445847}"
EndProject
Project("{FAE04EC0-301F-11D3-BF4B-00C04F79EFBC}") = "Questions.Presenters", "src\Questions\Questions.Presenters\Questions.Presenters.csproj", "{BB56A62D-98AD-480D-9DDD-47B1E69C74DC}"
EndProject
Project("{2150E333-8FDC-42A3-9474-1A3956D46DE8}") = "Tags", "Tags", "{37B3111E-3A58-4161-AC6C-B243312217CA}"
EndProject
Project("{FAE04EC0-301F-11D3-BF4B-00C04F79EFBC}") = "Tags", "src\Tags\Tags\Tags.csproj", "{D6D96AFD-7EB3-4667-9B45-4509E0EFA3D7}"
EndProject
Project("{FAE04EC0-301F-11D3-BF4B-00C04F79EFBC}") = "Tags.Contracts", "src\Tags\Tags.Contracts\Tags.Contracts.csproj", "{ECBE1944-8887-45D0-B43E-B374ECE406D4}"
EndProject
Project("{FAE04EC0-301F-11D3-BF4B-00C04F79EFBC}") = "Tags.Presenters", "src\Tags\Tags.Presenters\Tags.Presenters.csproj", "{B6B4F307-80C9-4B63-8B98-0E259DDEBCCA}"
EndProject
Global
	GlobalSection(SolutionConfigurationPlatforms) = preSolution
		Debug|Any CPU = Debug|Any CPU
		Release|Any CPU = Release|Any CPU
	EndGlobalSection
	GlobalSection(SolutionProperties) = preSolution
		HideSolutionNode = FALSE
	EndGlobalSection
	GlobalSection(ProjectConfigurationPlatforms) = postSolution
		{169DC15D-DC9B-4F8E-99E5-9CF4105C94DE}.Debug|Any CPU.ActiveCfg = Debug|Any CPU
		{169DC15D-DC9B-4F8E-99E5-9CF4105C94DE}.Debug|Any CPU.Build.0 = Debug|Any CPU
		{169DC15D-DC9B-4F8E-99E5-9CF4105C94DE}.Release|Any CPU.ActiveCfg = Release|Any CPU
		{169DC15D-DC9B-4F8E-99E5-9CF4105C94DE}.Release|Any CPU.Build.0 = Release|Any CPU
		{A81999BE-36A9-4080-A133-841C649F2186}.Debug|Any CPU.ActiveCfg = Debug|Any CPU
		{A81999BE-36A9-4080-A133-841C649F2186}.Debug|Any CPU.Build.0 = Debug|Any CPU
		{A81999BE-36A9-4080-A133-841C649F2186}.Release|Any CPU.ActiveCfg = Release|Any CPU
		{A81999BE-36A9-4080-A133-841C649F2186}.Release|Any CPU.Build.0 = Release|Any CPU
		{0C632AC3-1B77-4677-A056-B6B327D748DE}.Debug|Any CPU.ActiveCfg = Debug|Any CPU
		{0C632AC3-1B77-4677-A056-B6B327D748DE}.Debug|Any CPU.Build.0 = Debug|Any CPU
		{0C632AC3-1B77-4677-A056-B6B327D748DE}.Release|Any CPU.ActiveCfg = Release|Any CPU
		{0C632AC3-1B77-4677-A056-B6B327D748DE}.Release|Any CPU.Build.0 = Release|Any CPU
		{99535A94-4208-40A1-91C8-2537A1FD6696}.Debug|Any CPU.ActiveCfg = Debug|Any CPU
		{99535A94-4208-40A1-91C8-2537A1FD6696}.Debug|Any CPU.Build.0 = Debug|Any CPU
		{99535A94-4208-40A1-91C8-2537A1FD6696}.Release|Any CPU.ActiveCfg = Release|Any CPU
		{99535A94-4208-40A1-91C8-2537A1FD6696}.Release|Any CPU.Build.0 = Release|Any CPU
		{591C18E3-91F1-46BD-878E-C96B769567A9}.Debug|Any CPU.ActiveCfg = Debug|Any CPU
		{591C18E3-91F1-46BD-878E-C96B769567A9}.Debug|Any CPU.Build.0 = Debug|Any CPU
		{591C18E3-91F1-46BD-878E-C96B769567A9}.Release|Any CPU.ActiveCfg = Release|Any CPU
		{591C18E3-91F1-46BD-878E-C96B769567A9}.Release|Any CPU.Build.0 = Release|Any CPU
		{88454DF8-DCBD-44CB-A4CD-0E7BE2916592}.Debug|Any CPU.ActiveCfg = Debug|Any CPU
		{88454DF8-DCBD-44CB-A4CD-0E7BE2916592}.Debug|Any CPU.Build.0 = Debug|Any CPU
		{88454DF8-DCBD-44CB-A4CD-0E7BE2916592}.Release|Any CPU.ActiveCfg = Release|Any CPU
		{88454DF8-DCBD-44CB-A4CD-0E7BE2916592}.Release|Any CPU.Build.0 = Release|Any CPU
		{7C88D060-3126-4479-86FF-B3573234093A}.Debug|Any CPU.ActiveCfg = Debug|Any CPU
		{7C88D060-3126-4479-86FF-B3573234093A}.Debug|Any CPU.Build.0 = Debug|Any CPU
		{7C88D060-3126-4479-86FF-B3573234093A}.Release|Any CPU.ActiveCfg = Release|Any CPU
		{7C88D060-3126-4479-86FF-B3573234093A}.Release|Any CPU.Build.0 = Release|Any CPU
		{CEF1CE93-4284-4DE1-803E-85397C1471CF}.Debug|Any CPU.ActiveCfg = Debug|Any CPU
		{CEF1CE93-4284-4DE1-803E-85397C1471CF}.Debug|Any CPU.Build.0 = Debug|Any CPU
		{CEF1CE93-4284-4DE1-803E-85397C1471CF}.Release|Any CPU.ActiveCfg = Release|Any CPU
		{CEF1CE93-4284-4DE1-803E-85397C1471CF}.Release|Any CPU.Build.0 = Release|Any CPU
		{20DD6028-768F-4B23-BB6E-E2E853445847}.Debug|Any CPU.ActiveCfg = Debug|Any CPU
		{20DD6028-768F-4B23-BB6E-E2E853445847}.Debug|Any CPU.Build.0 = Debug|Any CPU
		{20DD6028-768F-4B23-BB6E-E2E853445847}.Release|Any CPU.ActiveCfg = Release|Any CPU
		{20DD6028-768F-4B23-BB6E-E2E853445847}.Release|Any CPU.Build.0 = Release|Any CPU
		{BB56A62D-98AD-480D-9DDD-47B1E69C74DC}.Debug|Any CPU.ActiveCfg = Debug|Any CPU
		{BB56A62D-98AD-480D-9DDD-47B1E69C74DC}.Debug|Any CPU.Build.0 = Debug|Any CPU
		{BB56A62D-98AD-480D-9DDD-47B1E69C74DC}.Release|Any CPU.ActiveCfg = Release|Any CPU
		{BB56A62D-98AD-480D-9DDD-47B1E69C74DC}.Release|Any CPU.Build.0 = Release|Any CPU
		{D6D96AFD-7EB3-4667-9B45-4509E0EFA3D7}.Debug|Any CPU.ActiveCfg = Debug|Any CPU
		{D6D96AFD-7EB3-4667-9B45-4509E0EFA3D7}.Debug|Any CPU.Build.0 = Debug|Any CPU
		{D6D96AFD-7EB3-4667-9B45-4509E0EFA3D7}.Release|Any CPU.ActiveCfg = Release|Any CPU
		{D6D96AFD-7EB3-4667-9B45-4509E0EFA3D7}.Release|Any CPU.Build.0 = Release|Any CPU
		{ECBE1944-8887-45D0-B43E-B374ECE406D4}.Debug|Any CPU.ActiveCfg = Debug|Any CPU
		{ECBE1944-8887-45D0-B43E-B374ECE406D4}.Debug|Any CPU.Build.0 = Debug|Any CPU
		{ECBE1944-8887-45D0-B43E-B374ECE406D4}.Release|Any CPU.ActiveCfg = Release|Any CPU
		{ECBE1944-8887-45D0-B43E-B374ECE406D4}.Release|Any CPU.Build.0 = Release|Any CPU
		{B6B4F307-80C9-4B63-8B98-0E259DDEBCCA}.Debug|Any CPU.ActiveCfg = Debug|Any CPU
		{B6B4F307-80C9-4B63-8B98-0E259DDEBCCA}.Debug|Any CPU.Build.0 = Debug|Any CPU
		{B6B4F307-80C9-4B63-8B98-0E259DDEBCCA}.Release|Any CPU.ActiveCfg = Release|Any CPU
		{B6B4F307-80C9-4B63-8B98-0E259DDEBCCA}.Release|Any CPU.Build.0 = Release|Any CPU
	EndGlobalSection
	GlobalSection(NestedProjects) = preSolution
		{6256E6C7-61DD-436E-AE6A-B08BF349E912} = {8580CE42-5BD7-4A3D-A3EA-05E617500F92}
		{169DC15D-DC9B-4F8E-99E5-9CF4105C94DE} = {6256E6C7-61DD-436E-AE6A-B08BF349E912}
		{72AADC91-8657-4801-9B3F-BEB0483978CF} = {6256E6C7-61DD-436E-AE6A-B08BF349E912}
		{A81999BE-36A9-4080-A133-841C649F2186} = {72AADC91-8657-4801-9B3F-BEB0483978CF}
		{0C632AC3-1B77-4677-A056-B6B327D748DE} = {72AADC91-8657-4801-9B3F-BEB0483978CF}
		{99535A94-4208-40A1-91C8-2537A1FD6696} = {6256E6C7-61DD-436E-AE6A-B08BF349E912}
		{591C18E3-91F1-46BD-878E-C96B769567A9} = {8580CE42-5BD7-4A3D-A3EA-05E617500F92}
		{90DFA726-319F-4479-A02D-8D046EFB74CD} = {8580CE42-5BD7-4A3D-A3EA-05E617500F92}
		{88454DF8-DCBD-44CB-A4CD-0E7BE2916592} = {90DFA726-319F-4479-A02D-8D046EFB74CD}
		{7C88D060-3126-4479-86FF-B3573234093A} = {90DFA726-319F-4479-A02D-8D046EFB74CD}
		{CEF1CE93-4284-4DE1-803E-85397C1471CF} = {90DFA726-319F-4479-A02D-8D046EFB74CD}
		{20DD6028-768F-4B23-BB6E-E2E853445847} = {90DFA726-319F-4479-A02D-8D046EFB74CD}
		{BB56A62D-98AD-480D-9DDD-47B1E69C74DC} = {90DFA726-319F-4479-A02D-8D046EFB74CD}
		{37B3111E-3A58-4161-AC6C-B243312217CA} = {8580CE42-5BD7-4A3D-A3EA-05E617500F92}
		{D6D96AFD-7EB3-4667-9B45-4509E0EFA3D7} = {37B3111E-3A58-4161-AC6C-B243312217CA}
		{ECBE1944-8887-45D0-B43E-B374ECE406D4} = {37B3111E-3A58-4161-AC6C-B243312217CA}
		{B6B4F307-80C9-4B63-8B98-0E259DDEBCCA} = {37B3111E-3A58-4161-AC6C-B243312217CA}
	EndGlobalSection
EndGlobal
