
Microsoft Visual Studio Solution File, Format Version 12.00
Project("{FAE04EC0-301F-11D3-BF4B-00C04F79EFBC}") = "DevQuestionsDomain", "src\DevQuestionsDomain\DevQuestionsDomain.csproj", "{2601CA01-ED59-4076-BC13-83DF548402E3}"
EndProject
Project("{2150E333-8FDC-42A3-9474-1A3956D46DE8}") = "src", "src", "{FB07DC74-3CF8-4B85-A5D9-7B3831D2018D}"
EndProject
Project("{FAE04EC0-301F-11D3-BF4B-00C04F79EFBC}") = "DevQuestions.Web", "src\DevQuestions.Web\DevQuestions.Web.csproj", "{F8B7FED5-2A26-425F-8B4D-020598207DDC}"
EndProject
Project("{FAE04EC0-301F-11D3-BF4B-00C04F79EFBC}") = "DevQuestions.Presenters", "src\DevQuestions.Presenters\DevQuestions.Presenters.csproj", "{1283F616-233E-4127-946E-77C567B7ED49}"
EndProject
Project("{2150E333-8FDC-42A3-9474-1A3956D46DE8}") = "Solution Items", "Solution Items", "{E277B2A8-26AC-4498-BBEB-489806EA818C}"
	ProjectSection(SolutionItems) = preProject
		Directory.Build.props = Directory.Build.props
		.editorconfig = .editorconfig
	EndProjectSection
EndProject
Project("{FAE04EC0-301F-11D3-BF4B-00C04F79EFBC}") = "DevQuestionsContract", "src\DevQuestionsContract\DevQuestionsContract.csproj", "{9BA9594F-8248-4B69-AD16-37275CD7E5DD}"
EndProject
Project("{FAE04EC0-301F-11D3-BF4B-00C04F79EFBC}") = "DevQuestions.Application", "src\DevQuestions.Application\DevQuestions.Application.csproj", "{DF90D5AB-C733-47C7-9104-9FF8E7DA5902}"
EndProject
Project("{FAE04EC0-301F-11D3-BF4B-00C04F79EFBC}") = "DevQuestions.Infrastructure.Postgres", "src\DevQuestions.Infrastructure.Postgres\DevQuestions.Infrastructure.Postgres.csproj", "{8BF55988-AC34-4CD7-B53F-E6DC5307246E}"
EndProject
Project("{FAE04EC0-301F-11D3-BF4B-00C04F79EFBC}") = "DevQuestions.Infrastructure.ElasticSearch", "src\DevQuestions.Infrastructure.ElasticSearch\DevQuestions.Infrastructure.ElasticSearch.csproj", "{35775BC7-4020-4C6B-B375-D0BA85F0CD6C}"
EndProject
Project("{FAE04EC0-301F-11D3-BF4B-00C04F79EFBC}") = "DevQuestions.Infrastructure.S3", "s3\DevQuestions.Infrastructure.S3\DevQuestions.Infrastructure.S3.csproj", "{17738B4A-32DD-4990-B95F-9B30BB5D6FF0}"
EndProject
Project("{FAE04EC0-301F-11D3-BF4B-00C04F79EFBC}") = "Shared", "src\Shared\Shared.csproj", "{A56BDF8E-81DC-42B7-9883-343FF9F9033F}"
EndProject
Global
	GlobalSection(SolutionConfigurationPlatforms) = preSolution
		Debug|Any CPU = Debug|Any CPU
		Release|Any CPU = Release|Any CPU
	EndGlobalSection
	GlobalSection(ProjectConfigurationPlatforms) = postSolution
		{2601CA01-ED59-4076-BC13-83DF548402E3}.Debug|Any CPU.ActiveCfg = Debug|Any CPU
		{2601CA01-ED59-4076-BC13-83DF548402E3}.Debug|Any CPU.Build.0 = Debug|Any CPU
		{2601CA01-ED59-4076-BC13-83DF548402E3}.Release|Any CPU.ActiveCfg = Release|Any CPU
		{2601CA01-ED59-4076-BC13-83DF548402E3}.Release|Any CPU.Build.0 = Release|Any CPU
		{F8B7FED5-2A26-425F-8B4D-020598207DDC}.Debug|Any CPU.ActiveCfg = Debug|Any CPU
		{F8B7FED5-2A26-425F-8B4D-020598207DDC}.Debug|Any CPU.Build.0 = Debug|Any CPU
		{F8B7FED5-2A26-425F-8B4D-020598207DDC}.Release|Any CPU.ActiveCfg = Release|Any CPU
		{F8B7FED5-2A26-425F-8B4D-020598207DDC}.Release|Any CPU.Build.0 = Release|Any CPU
		{1283F616-233E-4127-946E-77C567B7ED49}.Debug|Any CPU.ActiveCfg = Debug|Any CPU
		{1283F616-233E-4127-946E-77C567B7ED49}.Debug|Any CPU.Build.0 = Debug|Any CPU
		{1283F616-233E-4127-946E-77C567B7ED49}.Release|Any CPU.ActiveCfg = Release|Any CPU
		{1283F616-233E-4127-946E-77C567B7ED49}.Release|Any CPU.Build.0 = Release|Any CPU
		{9BA9594F-8248-4B69-AD16-37275CD7E5DD}.Debug|Any CPU.ActiveCfg = Debug|Any CPU
		{9BA9594F-8248-4B69-AD16-37275CD7E5DD}.Debug|Any CPU.Build.0 = Debug|Any CPU
		{9BA9594F-8248-4B69-AD16-37275CD7E5DD}.Release|Any CPU.ActiveCfg = Release|Any CPU
		{9BA9594F-8248-4B69-AD16-37275CD7E5DD}.Release|Any CPU.Build.0 = Release|Any CPU
		{DF90D5AB-C733-47C7-9104-9FF8E7DA5902}.Debug|Any CPU.ActiveCfg = Debug|Any CPU
		{DF90D5AB-C733-47C7-9104-9FF8E7DA5902}.Debug|Any CPU.Build.0 = Debug|Any CPU
		{DF90D5AB-C733-47C7-9104-9FF8E7DA5902}.Release|Any CPU.ActiveCfg = Release|Any CPU
		{DF90D5AB-C733-47C7-9104-9FF8E7DA5902}.Release|Any CPU.Build.0 = Release|Any CPU
		{8BF55988-AC34-4CD7-B53F-E6DC5307246E}.Debug|Any CPU.ActiveCfg = Debug|Any CPU
		{8BF55988-AC34-4CD7-B53F-E6DC5307246E}.Debug|Any CPU.Build.0 = Debug|Any CPU
		{8BF55988-AC34-4CD7-B53F-E6DC5307246E}.Release|Any CPU.ActiveCfg = Release|Any CPU
		{8BF55988-AC34-4CD7-B53F-E6DC5307246E}.Release|Any CPU.Build.0 = Release|Any CPU
		{35775BC7-4020-4C6B-B375-D0BA85F0CD6C}.Debug|Any CPU.ActiveCfg = Debug|Any CPU
		{35775BC7-4020-4C6B-B375-D0BA85F0CD6C}.Debug|Any CPU.Build.0 = Debug|Any CPU
		{35775BC7-4020-4C6B-B375-D0BA85F0CD6C}.Release|Any CPU.ActiveCfg = Release|Any CPU
		{35775BC7-4020-4C6B-B375-D0BA85F0CD6C}.Release|Any CPU.Build.0 = Release|Any CPU
		{17738B4A-32DD-4990-B95F-9B30BB5D6FF0}.Debug|Any CPU.ActiveCfg = Debug|Any CPU
		{17738B4A-32DD-4990-B95F-9B30BB5D6FF0}.Debug|Any CPU.Build.0 = Debug|Any CPU
		{17738B4A-32DD-4990-B95F-9B30BB5D6FF0}.Release|Any CPU.ActiveCfg = Release|Any CPU
		{17738B4A-32DD-4990-B95F-9B30BB5D6FF0}.Release|Any CPU.Build.0 = Release|Any CPU
		{A56BDF8E-81DC-42B7-9883-343FF9F9033F}.Debug|Any CPU.ActiveCfg = Debug|Any CPU
		{A56BDF8E-81DC-42B7-9883-343FF9F9033F}.Debug|Any CPU.Build.0 = Debug|Any CPU
		{A56BDF8E-81DC-42B7-9883-343FF9F9033F}.Release|Any CPU.ActiveCfg = Release|Any CPU
		{A56BDF8E-81DC-42B7-9883-343FF9F9033F}.Release|Any CPU.Build.0 = Release|Any CPU
	EndGlobalSection
	GlobalSection(NestedProjects) = preSolution
		{2601CA01-ED59-4076-BC13-83DF548402E3} = {FB07DC74-3CF8-4B85-A5D9-7B3831D2018D}
		{F8B7FED5-2A26-425F-8B4D-020598207DDC} = {FB07DC74-3CF8-4B85-A5D9-7B3831D2018D}
		{1283F616-233E-4127-946E-77C567B7ED49} = {FB07DC74-3CF8-4B85-A5D9-7B3831D2018D}
		{9BA9594F-8248-4B69-AD16-37275CD7E5DD} = {FB07DC74-3CF8-4B85-A5D9-7B3831D2018D}
		{DF90D5AB-C733-47C7-9104-9FF8E7DA5902} = {FB07DC74-3CF8-4B85-A5D9-7B3831D2018D}
		{8BF55988-AC34-4CD7-B53F-E6DC5307246E} = {FB07DC74-3CF8-4B85-A5D9-7B3831D2018D}
		{35775BC7-4020-4C6B-B375-D0BA85F0CD6C} = {FB07DC74-3CF8-4B85-A5D9-7B3831D2018D}
		{17738B4A-32DD-4990-B95F-9B30BB5D6FF0} = {FB07DC74-3CF8-4B85-A5D9-7B3831D2018D}
		{A56BDF8E-81DC-42B7-9883-343FF9F9033F} = {FB07DC74-3CF8-4B85-A5D9-7B3831D2018D}
	EndGlobalSection
EndGlobal
